
Microsoft Visual Studio Solution File, Format Version 12.00
# Visual Studio Version 17
VisualStudioVersion = 17.8.34330.188
MinimumVisualStudioVersion = 10.0.40219.1
Project("{8BC9CEB8-8B4A-11D0-8D11-00A0C91BC942}") = "Face_App", "Face_App\Face_App.vcxproj", "{A1073737-3BC3-4855-8425-07224245AD6E}"
EndProject
Global
	GlobalSection(SolutionConfigurationPlatforms) = preSolution
		Debug|x64 = Debug|x64
		Debug|x86 = Debug|x86
		Release|x64 = Release|x64
		Release|x86 = Release|x86
	EndGlobalSection
	GlobalSection(ProjectConfigurationPlatforms) = postSolution
		{A1073737-3BC3-4855-8425-07224245AD6E}.Debug|x64.ActiveCfg = Debug|x64
		{A1073737-3BC3-4855-8425-07224245AD6E}.Debug|x64.Build.0 = Debug|x64
		{A1073737-3BC3-4855-8425-07224245AD6E}.Debug|x86.ActiveCfg = Debug|Win32
		{A1073737-3BC3-4855-8425-07224245AD6E}.Debug|x86.Build.0 = Debug|Win32
		{A1073737-3BC3-4855-8425-07224245AD6E}.Release|x64.ActiveCfg = Release|x64
		{A1073737-3BC3-4855-8425-07224245AD6E}.Release|x64.Build.0 = Release|x64
		{A1073737-3BC3-4855-8425-07224245AD6E}.Release|x86.ActiveCfg = Release|Win32
		{A1073737-3BC3-4855-8425-07224245AD6E}.Release|x86.Build.0 = Release|Win32
	EndGlobalSection
	GlobalSection(SolutionProperties) = preSolution
		HideSolutionNode = FALSE
	EndGlobalSection
	GlobalSection(ExtensibilityGlobals) = postSolution
		SolutionGuid = {261B356A-7B98-4621-89FB-251F7C6FF31D}
	EndGlobalSection
EndGlobal
